
Microsoft Visual Studio Solution File, Format Version 12.00
Project("{FAE04EC0-301F-11D3-BF4B-00C04F79EFBC}") = "ToDoIt", "ToDoIt\ToDoIt.csproj", "{0F17C7BE-4120-48C0-9990-AEC20B72BC04}"
EndProject
Global
	GlobalSection(SolutionConfigurationPlatforms) = preSolution
		Debug|Any CPU = Debug|Any CPU
		Release|Any CPU = Release|Any CPU
	EndGlobalSection
	GlobalSection(ProjectConfigurationPlatforms) = postSolution
		{0F17C7BE-4120-48C0-9990-AEC20B72BC04}.Debug|Any CPU.ActiveCfg = Debug|Any CPU
		{0F17C7BE-4120-48C0-9990-AEC20B72BC04}.Debug|Any CPU.Build.0 = Debug|Any CPU
		{0F17C7BE-4120-48C0-9990-AEC20B72BC04}.Release|Any CPU.ActiveCfg = Release|Any CPU
		{0F17C7BE-4120-48C0-9990-AEC20B72BC04}.Release|Any CPU.Build.0 = Release|Any CPU
	EndGlobalSection
EndGlobal
